
Microsoft Visual Studio Solution File, Format Version 12.00
# Visual Studio Version 17
VisualStudioVersion = 17.11.35327.3
MinimumVisualStudioVersion = 10.0.40219.1
Project("{FAE04EC0-301F-11D3-BF4B-00C04F79EFBC}") = "Folders", "Folders.csproj", "{C641ED17-B2EB-49D3-87C3-DEE3C5551009}"
EndProject
Global
	GlobalSection(SolutionConfigurationPlatforms) = preSolution
		Debug|Any CPU = Debug|Any CPU
		Release|Any CPU = Release|Any CPU
	EndGlobalSection
	GlobalSection(ProjectConfigurationPlatforms) = postSolution
		{C641ED17-B2EB-49D3-87C3-DEE3C5551009}.Debug|Any CPU.ActiveCfg = Debug|Any CPU
		{C641ED17-B2EB-49D3-87C3-DEE3C5551009}.Debug|Any CPU.Build.0 = Debug|Any CPU
		{C641ED17-B2EB-49D3-87C3-DEE3C5551009}.Release|Any CPU.ActiveCfg = Release|Any CPU
		{C641ED17-B2EB-49D3-87C3-DEE3C5551009}.Release|Any CPU.Build.0 = Release|Any CPU
	EndGlobalSection
	GlobalSection(SolutionProperties) = preSolution
		HideSolutionNode = FALSE
	EndGlobalSection
	GlobalSection(ExtensibilityGlobals) = postSolution
		SolutionGuid = {DF984010-DF9A-440C-A5BE-BFB0F49E71D5}
	EndGlobalSection
EndGlobal
